
Microsoft Visual Studio Solution File, Format Version 12.00
# Visual Studio Version 17
VisualStudioVersion = 17.7.34018.315
MinimumVisualStudioVersion = 10.0.40219.1
Project("{FAE04EC0-301F-11D3-BF4B-00C04F79EFBC}") = "CNPM-B6", "CNPM-B6\CNPM-B6.csproj", "{9B47A50A-0B3D-402C-9710-35073B015101}"
EndProject
Global
	GlobalSection(SolutionConfigurationPlatforms) = preSolution
		Debug|Any CPU = Debug|Any CPU
		Release|Any CPU = Release|Any CPU
	EndGlobalSection
	GlobalSection(ProjectConfigurationPlatforms) = postSolution
		{9B47A50A-0B3D-402C-9710-35073B015101}.Debug|Any CPU.ActiveCfg = Debug|Any CPU
		{9B47A50A-0B3D-402C-9710-35073B015101}.Debug|Any CPU.Build.0 = Debug|Any CPU
		{9B47A50A-0B3D-402C-9710-35073B015101}.Release|Any CPU.ActiveCfg = Release|Any CPU
		{9B47A50A-0B3D-402C-9710-35073B015101}.Release|Any CPU.Build.0 = Release|Any CPU
	EndGlobalSection
	GlobalSection(SolutionProperties) = preSolution
		HideSolutionNode = FALSE
	EndGlobalSection
	GlobalSection(ExtensibilityGlobals) = postSolution
		SolutionGuid = {744F13F6-B6C2-42A7-BA8F-4B19C8220FFC}
	EndGlobalSection
EndGlobal
